
Microsoft Visual Studio Solution File, Format Version 12.00
# Visual Studio 14
VisualStudioVersion = 14.0.25420.1
MinimumVisualStudioVersion = 10.0.40219.1
Project("{FAE04EC0-301F-11D3-BF4B-00C04F79EFBC}") = "Climbing.Info.CrossCutting.Entities", "Climbing.Info.CrossCutting.Entities\Climbing.Info.CrossCutting.Entities.csproj", "{15FDCC73-C782-43A7-9CC0-DAFD01D6636A}"
EndProject
Project("{2150E333-8FDC-42A3-9474-1A3956D46DE8}") = "10. CrossCutting", "10. CrossCutting", "{B20E510E-73B2-42DD-924E-B17CC7E19734}"
EndProject
Project("{2150E333-8FDC-42A3-9474-1A3956D46DE8}") = "01. Infrastructure", "01. Infrastructure", "{F3C94234-CEBB-4C69-9745-3DF3E7C4779D}"
EndProject
Project("{2150E333-8FDC-42A3-9474-1A3956D46DE8}") = "02. Application", "02. Application", "{2EAC85AF-6466-406E-A6DD-B3BB90D3C3BA}"
EndProject
Project("{2150E333-8FDC-42A3-9474-1A3956D46DE8}") = "03. Front", "03. Front", "{3FB7B13E-3879-41E9-B2B2-DCE90FB90834}"
EndProject
Project("{FAE04EC0-301F-11D3-BF4B-00C04F79EFBC}") = "Climbing.Info.Data.Access", "Climbing.Info.Data.Access\Climbing.Info.Data.Access.csproj", "{6C81B35E-F580-4D0B-89A3-FE79A5199338}"
EndProject
Global
	GlobalSection(SolutionConfigurationPlatforms) = preSolution
		Debug|Any CPU = Debug|Any CPU
		Release|Any CPU = Release|Any CPU
	EndGlobalSection
	GlobalSection(ProjectConfigurationPlatforms) = postSolution
		{15FDCC73-C782-43A7-9CC0-DAFD01D6636A}.Debug|Any CPU.ActiveCfg = Debug|Any CPU
		{15FDCC73-C782-43A7-9CC0-DAFD01D6636A}.Debug|Any CPU.Build.0 = Debug|Any CPU
		{15FDCC73-C782-43A7-9CC0-DAFD01D6636A}.Release|Any CPU.ActiveCfg = Release|Any CPU
		{15FDCC73-C782-43A7-9CC0-DAFD01D6636A}.Release|Any CPU.Build.0 = Release|Any CPU
		{6C81B35E-F580-4D0B-89A3-FE79A5199338}.Debug|Any CPU.ActiveCfg = Debug|Any CPU
		{6C81B35E-F580-4D0B-89A3-FE79A5199338}.Debug|Any CPU.Build.0 = Debug|Any CPU
		{6C81B35E-F580-4D0B-89A3-FE79A5199338}.Release|Any CPU.ActiveCfg = Release|Any CPU
		{6C81B35E-F580-4D0B-89A3-FE79A5199338}.Release|Any CPU.Build.0 = Release|Any CPU
	EndGlobalSection
	GlobalSection(SolutionProperties) = preSolution
		HideSolutionNode = FALSE
	EndGlobalSection
	GlobalSection(NestedProjects) = preSolution
		{15FDCC73-C782-43A7-9CC0-DAFD01D6636A} = {B20E510E-73B2-42DD-924E-B17CC7E19734}
		{6C81B35E-F580-4D0B-89A3-FE79A5199338} = {F3C94234-CEBB-4C69-9745-3DF3E7C4779D}
	EndGlobalSection
EndGlobal
